# THIS IS AN AUTOGENERATED FILE. DO NOT EDIT THIS FILE DIRECTLY.
# yarn lockfile v1


"@ctsy/crypto@^1.0.5":
  version "1.0.5"
  resolved "https://registry.yarnpkg.com/@ctsy/crypto/-/crypto-1.0.5.tgz#6dded577405fcd0f6fba15cc991e299be2d70419"
  integrity sha512-BLaz0xS7ToYEXZg3xsOP9nJkW7BOxyynOPdYo8HHS8ZKd2siFXroEMtOAUwkdQB5N5+2CPHUOMXMivyhkG38KA==
  dependencies:
    "@types/node" "^10.12.5"

"@types/lodash@^4.14.135":
  version "4.14.135"
  resolved "https://registry.yarnpkg.com/@types/lodash/-/lodash-4.14.135.tgz#d2607c35dd68f70c2b35ba020c667493dedd8447"
  integrity sha512-Ed+tSZ9qM1oYpi5kzdsBuOzcAIn1wDW+e8TFJ50IMJMlSopGdJgKAbhHzN6h1E1OfjlGOr2JepzEWtg9NIfoNg==

"@types/moment@^2.13.0":
  version "2.13.0"
  resolved "https://registry.yarnpkg.com/@types/moment/-/moment-2.13.0.tgz#604ebd189bc3bc34a1548689404e61a2a4aac896"
  integrity sha1-YE69GJvDvDShVIaJQE5hoqSqyJY=
  dependencies:
    moment "*"

"@types/node@^10.12.5":
  version "10.14.12"
  resolved "https://registry.yarnpkg.com/@types/node/-/node-10.14.12.tgz#0eec3155a46e6c4db1f27c3e588a205f767d622f"
  integrity sha512-QcAKpaO6nhHLlxWBvpc4WeLrTvPqlHOvaj0s5GriKkA1zq+bsFBPpfYCvQhLqLgYlIko8A9YrPdaMHCo5mBcpg==

"@types/node@^12.0.12":
  version "12.0.12"
  resolved "https://registry.yarnpkg.com/@types/node/-/node-12.0.12.tgz#cc791b402360db1eaf7176479072f91ee6c6c7ca"
  integrity sha512-Uy0PN4R5vgBUXFoJrKryf5aTk3kJ8Rv3PdlHjl6UaX+Cqp1QE0yPQ68MPXGrZOfG7gZVNDIJZYyot0B9ubXUrQ==

axios@^0.19.0:
  version "0.19.0"
  resolved "https://registry.yarnpkg.com/axios/-/axios-0.19.0.tgz#8e09bff3d9122e133f7b8101c8fbdd00ed3d2ab8"
  integrity sha512-1uvKqKQta3KBxIz14F2v06AEHZ/dIoeKfbTRkK1E5oqjDnuEerLmYTgJB5AiQZHJcljpg1TuRzdjDR06qNk0DQ==
  dependencies:
    follow-redirects "1.5.10"
    is-buffer "^2.0.2"

debug@=3.1.0:
  version "3.1.0"
  resolved "https://registry.yarnpkg.com/debug/-/debug-3.1.0.tgz#5bb5a0672628b64149566ba16819e61518c67261"
  integrity sha512-OX8XqP7/1a9cqkxYw2yXss15f26NKWBpDXQd0/uK/KPqdQhxbPa994hnzjcE2VqQpDslf55723cKPUOGSmMY3g==
  dependencies:
    ms "2.0.0"

follow-redirects@1.5.10:
  version "1.5.10"
  resolved "https://registry.yarnpkg.com/follow-redirects/-/follow-redirects-1.5.10.tgz#7b7a9f9aea2fdff36786a94ff643ed07f4ff5e2a"
  integrity sha512-0V5l4Cizzvqt5D44aTXbFZz+FtyXV1vrDN6qrelxtfYQKW0KO0W2T/hkE8xvGa/540LkZlkaUjO4ailYTFtHVQ==
  dependencies:
    debug "=3.1.0"

is-buffer@^2.0.2:
  version "2.0.3"
  resolved "https://registry.yarnpkg.com/is-buffer/-/is-buffer-2.0.3.tgz#4ecf3fcf749cbd1e472689e109ac66261a25e725"
  integrity sha512-U15Q7MXTuZlrbymiz95PJpZxu8IlipAp4dtS3wOdgPXx3mqBnslrWU14kxfHB+Py/+2PVKSr37dMAgM2A4uArw==

moment@*:
  version "2.24.0"
  resolved "https://registry.yarnpkg.com/moment/-/moment-2.24.0.tgz#0d055d53f5052aa653c9f6eb68bb5d12bf5c2b5b"
  integrity sha512-bV7f+6l2QigeBBZSM/6yTNq4P2fNpSWj/0e7jQcy87A8e7o2nAfP/34/2ky5Vw4B9S446EtIhodAzkFCcR4dQg==

ms@2.0.0:
  version "2.0.0"
  resolved "https://registry.yarnpkg.com/ms/-/ms-2.0.0.tgz#5608aeadfc00be6c2901df5f9861788de0d597c8"
  integrity sha1-VgiurfwAvmwpAd9fmGF4jeDVl8g=
